
Microsoft Visual Studio Solution File, Format Version 12.00
# Visual Studio Version 16
VisualStudioVersion = 16.0.30011.22
MinimumVisualStudioVersion = 10.0.40219.1
Project("{9A19103F-16F7-4668-BE54-9A1E7A4F7556}") = "MarketLab-lib", "MarketLab-lib.csproj", "{10847270-1868-456D-A6C7-61F1F6FE8CB0}"
EndProject
Project("{2150E333-8FDC-42A3-9474-1A3956D46DE8}") = "Solution Items", "Solution Items", "{9632E6B3-42BB-4C63-A6A9-D9A906B04E35}"
	ProjectSection(SolutionItems) = preProject
		.editorconfig = .editorconfig
	EndProjectSection
EndProject
Global
	GlobalSection(SolutionConfigurationPlatforms) = preSolution
		Debug|Any CPU = Debug|Any CPU
		Release|Any CPU = Release|Any CPU
	EndGlobalSection
	GlobalSection(ProjectConfigurationPlatforms) = postSolution
		{10847270-1868-456D-A6C7-61F1F6FE8CB0}.Debug|Any CPU.ActiveCfg = Debug|Any CPU
		{10847270-1868-456D-A6C7-61F1F6FE8CB0}.Debug|Any CPU.Build.0 = Debug|Any CPU
		{10847270-1868-456D-A6C7-61F1F6FE8CB0}.Release|Any CPU.ActiveCfg = Release|Any CPU
		{10847270-1868-456D-A6C7-61F1F6FE8CB0}.Release|Any CPU.Build.0 = Release|Any CPU
	EndGlobalSection
	GlobalSection(SolutionProperties) = preSolution
		HideSolutionNode = FALSE
	EndGlobalSection
	GlobalSection(ExtensibilityGlobals) = postSolution
		SolutionGuid = {7F164B29-F36B-4B6E-B7AA-3344A4A11DA5}
	EndGlobalSection
EndGlobal
